
Microsoft Visual Studio Solution File, Format Version 12.00
# Visual Studio Version 16
VisualStudioVersion = 16.0.29306.81
MinimumVisualStudioVersion = 10.0.40219.1
Project("{9A19103F-16F7-4668-BE54-9A1E7A4F7556}") = "Rop.CacheDictionary", "Rop.CacheDictionary\Rop.CacheDictionary.csproj", "{8ED1AABD-FA7E-4FF1-9C29-9A43872CA2C4}"
EndProject
Project("{9A19103F-16F7-4668-BE54-9A1E7A4F7556}") = "XUnitTestCacheDictionary", "XUnitTestCacheDictionary\XUnitTestCacheDictionary.csproj", "{1CB652CB-DC64-47D7-B368-6E9CA2D67717}"
EndProject
Project("{2150E333-8FDC-42A3-9474-1A3956D46DE8}") = "Solution Items", "Solution Items", "{5769AAE0-F88D-4AE3-BB82-0DBD6ED5EEF7}"
	ProjectSection(SolutionItems) = preProject
		DependenceTree.txt = DependenceTree.txt
	EndProjectSection
EndProject
Project("{FAE04EC0-301F-11D3-BF4B-00C04F79EFBC}") = "Rop.ObjectActivator", "Rop.ObjectActivator\Rop.ObjectActivator.csproj", "{0A5741CA-0F09-4EE3-AB26-7F6F936228FC}"
EndProject
Project("{FAE04EC0-301F-11D3-BF4B-00C04F79EFBC}") = "XUnitTestObjectActivator", "XUnitTestObjectActivator\XUnitTestObjectActivator.csproj", "{1DB51B9A-389F-40A4-BD63-BBB56E3162BC}"
	ProjectSection(ProjectDependencies) = postProject
		{0A5741CA-0F09-4EE3-AB26-7F6F936228FC} = {0A5741CA-0F09-4EE3-AB26-7F6F936228FC}
	EndProjectSection
EndProject
Global
	GlobalSection(SolutionConfigurationPlatforms) = preSolution
		Debug|Any CPU = Debug|Any CPU
		Release|Any CPU = Release|Any CPU
	EndGlobalSection
	GlobalSection(ProjectConfigurationPlatforms) = postSolution
		{8ED1AABD-FA7E-4FF1-9C29-9A43872CA2C4}.Debug|Any CPU.ActiveCfg = Debug|Any CPU
		{8ED1AABD-FA7E-4FF1-9C29-9A43872CA2C4}.Debug|Any CPU.Build.0 = Debug|Any CPU
		{8ED1AABD-FA7E-4FF1-9C29-9A43872CA2C4}.Release|Any CPU.ActiveCfg = Release|Any CPU
		{8ED1AABD-FA7E-4FF1-9C29-9A43872CA2C4}.Release|Any CPU.Build.0 = Release|Any CPU
		{1CB652CB-DC64-47D7-B368-6E9CA2D67717}.Debug|Any CPU.ActiveCfg = Debug|Any CPU
		{1CB652CB-DC64-47D7-B368-6E9CA2D67717}.Debug|Any CPU.Build.0 = Debug|Any CPU
		{1CB652CB-DC64-47D7-B368-6E9CA2D67717}.Release|Any CPU.ActiveCfg = Release|Any CPU
		{1CB652CB-DC64-47D7-B368-6E9CA2D67717}.Release|Any CPU.Build.0 = Release|Any CPU
		{0A5741CA-0F09-4EE3-AB26-7F6F936228FC}.Debug|Any CPU.ActiveCfg = Debug|Any CPU
		{0A5741CA-0F09-4EE3-AB26-7F6F936228FC}.Debug|Any CPU.Build.0 = Debug|Any CPU
		{0A5741CA-0F09-4EE3-AB26-7F6F936228FC}.Release|Any CPU.ActiveCfg = Release|Any CPU
		{0A5741CA-0F09-4EE3-AB26-7F6F936228FC}.Release|Any CPU.Build.0 = Release|Any CPU
		{1DB51B9A-389F-40A4-BD63-BBB56E3162BC}.Debug|Any CPU.ActiveCfg = Debug|Any CPU
		{1DB51B9A-389F-40A4-BD63-BBB56E3162BC}.Debug|Any CPU.Build.0 = Debug|Any CPU
		{1DB51B9A-389F-40A4-BD63-BBB56E3162BC}.Release|Any CPU.ActiveCfg = Release|Any CPU
		{1DB51B9A-389F-40A4-BD63-BBB56E3162BC}.Release|Any CPU.Build.0 = Release|Any CPU
	EndGlobalSection
	GlobalSection(SolutionProperties) = preSolution
		HideSolutionNode = FALSE
	EndGlobalSection
	GlobalSection(ExtensibilityGlobals) = postSolution
		SolutionGuid = {B55D6003-60EB-4324-A9F4-C5DFBA3B59BD}
	EndGlobalSection
EndGlobal
